
Microsoft Visual Studio Solution File, Format Version 12.00
# Visual Studio 15
VisualStudioVersion = 15.0.27703.2047
MinimumVisualStudioVersion = 10.0.40219.1
Project("{FAE04EC0-301F-11D3-BF4B-00C04F79EFBC}") = "PerfectoNUnitParallelizationTest", "PerfectoTest\PerfectoNUnitParallelizationTest.csproj", "{2A477C8C-4EA3-48E1-8E54-FA7AC122A7ED}"
EndProject
Global
	GlobalSection(SolutionConfigurationPlatforms) = preSolution
		Debug|Any CPU = Debug|Any CPU
		Release|Any CPU = Release|Any CPU
	EndGlobalSection
	GlobalSection(ProjectConfigurationPlatforms) = postSolution
		{2A477C8C-4EA3-48E1-8E54-FA7AC122A7ED}.Debug|Any CPU.ActiveCfg = Debug|Any CPU
		{2A477C8C-4EA3-48E1-8E54-FA7AC122A7ED}.Debug|Any CPU.Build.0 = Debug|Any CPU
		{2A477C8C-4EA3-48E1-8E54-FA7AC122A7ED}.Release|Any CPU.ActiveCfg = Release|Any CPU
		{2A477C8C-4EA3-48E1-8E54-FA7AC122A7ED}.Release|Any CPU.Build.0 = Release|Any CPU
	EndGlobalSection
	GlobalSection(SolutionProperties) = preSolution
		HideSolutionNode = FALSE
	EndGlobalSection
	GlobalSection(ExtensibilityGlobals) = postSolution
		SolutionGuid = {B4D05FCC-5B96-4809-8555-5A29A0FF4691}
	EndGlobalSection
EndGlobal
